// !$*UTF8*$!
{
	archiveVersion = 1;
	classes = {
	};
	objectVersion = 56;
	objects = {

/* Begin PBXBuildFile section */
		50B61693C8DE956743025BFF /* Pods_JiHuoNIaoDemo.framework in Frameworks */ = {isa = PBXBuildFile; fileRef = 7F78364686047DA258A59B1E /* Pods_JiHuoNIaoDemo.framework */; };
		BCF77DACD5B88D38F013BAE2 /* Pods_JiHuoNIaoDemo_JiHuoNIaoDemoUITests.framework in Frameworks */ = {isa = PBXBuildFile; fileRef = 1D7F5DC2B12B9FDE3507ECB5 /* Pods_JiHuoNIaoDemo_JiHuoNIaoDemoUITests.framework */; };
		C329A921D1E354A1453AEF7B /* Pods_JiHuoNIaoDemoTests.framework in Frameworks */ = {isa = PBXBuildFile; fileRef = A84735A7663F46F3D4C5B69E /* Pods_JiHuoNIaoDemoTests.framework */; };
		F7C0AED12C9ABD07002A5702 /* AppDelegate.m in Sources */ = {isa = PBXBuildFile; fileRef = F7C0AED02C9ABD07002A5702 /* AppDelegate.m */; };
		F7C0AED72C9ABD07002A5702 /* ViewController.m in Sources */ = {isa = PBXBuildFile; fileRef = F7C0AED62C9ABD07002A5702 /* ViewController.m */; };
		F7C0AEDA2C9ABD07002A5702 /* Base in Resources */ = {isa = PBXBuildFile; fileRef = F7C0AED92C9ABD07002A5702 /* Base */; };
		F7C0AEDC2C9ABD09002A5702 /* Assets.xcassets in Resources */ = {isa = PBXBuildFile; fileRef = F7C0AEDB2C9ABD09002A5702 /* Assets.xcassets */; };
		F7C0AEDF2C9ABD09002A5702 /* Base in Resources */ = {isa = PBXBuildFile; fileRef = F7C0AEDE2C9ABD09002A5702 /* Base */; };
		F7C0AEE22C9ABD09002A5702 /* main.m in Sources */ = {isa = PBXBuildFile; fileRef = F7C0AEE12C9ABD09002A5702 /* main.m */; };
		F7C0AEEC2C9ABD09002A5702 /* JiHuoNIaoDemoTests.m in Sources */ = {isa = PBXBuildFile; fileRef = F7C0AEEB2C9ABD09002A5702 /* JiHuoNIaoDemoTests.m */; };
		F7C0AEF62C9ABD09002A5702 /* JiHuoNIaoDemoUITests.m in Sources */ = {isa = PBXBuildFile; fileRef = F7C0AEF52C9ABD09002A5702 /* JiHuoNIaoDemoUITests.m */; };
		F7C0AEF82C9ABD09002A5702 /* JiHuoNIaoDemoUITestsLaunchTests.m in Sources */ = {isa = PBXBuildFile; fileRef = F7C0AEF72C9ABD09002A5702 /* JiHuoNIaoDemoUITestsLaunchTests.m */; };
		F7C0AF142C9ABF5A002A5702 /* JHNBaseNavigationeController.m in Sources */ = {isa = PBXBuildFile; fileRef = F7C0AF042C9ABF5A002A5702 /* JHNBaseNavigationeController.m */; };
		F7C0AF152C9ABF5A002A5702 /* JIHuoNiaoAdSDK.framework in Frameworks */ = {isa = PBXBuildFile; fileRef = F7C0AF052C9ABF5A002A5702 /* JIHuoNiaoAdSDK.framework */; };
		F7C0AF162C9ABF5A002A5702 /* JIHuoNiaoImage.bundle in Resources */ = {isa = PBXBuildFile; fileRef = F7C0AF062C9ABF5A002A5702 /* JIHuoNiaoImage.bundle */; };
		F7C0AF172C9ABF5A002A5702 /* ExpressFeedAdViewController.m in Sources */ = {isa = PBXBuildFile; fileRef = F7C0AF0A2C9ABF5A002A5702 /* ExpressFeedAdViewController.m */; };
		F7C0AF182C9ABF5A002A5702 /* ExpressInterstitialAdViewController.m in Sources */ = {isa = PBXBuildFile; fileRef = F7C0AF0C2C9ABF5A002A5702 /* ExpressInterstitialAdViewController.m */; };
		F7C0AF192C9ABF5A002A5702 /* ExpressRewardAdViewController.m in Sources */ = {isa = PBXBuildFile; fileRef = F7C0AF0E2C9ABF5A002A5702 /* ExpressRewardAdViewController.m */; };
		F7C0AF1A2C9ABF5A002A5702 /* ExpressSplashAdViewController.m in Sources */ = {isa = PBXBuildFile; fileRef = F7C0AF102C9ABF5A002A5702 /* ExpressSplashAdViewController.m */; };
		F7C0AF1B2C9ABF5A002A5702 /* GDIndexGuangGao.m in Sources */ = {isa = PBXBuildFile; fileRef = F7C0AF122C9ABF5A002A5702 /* GDIndexGuangGao.m */; };
		F7C0AF212C9AC2BF002A5702 /* AVFoundation.framework in Frameworks */ = {isa = PBXBuildFile; fileRef = F7C0AF202C9AC2BF002A5702 /* AVFoundation.framework */; };
		F7C0AF232C9AC2D9002A5702 /* CFNetwork.framework in Frameworks */ = {isa = PBXBuildFile; fileRef = F7C0AF222C9AC2D9002A5702 /* CFNetwork.framework */; };
		F7C0AF252C9AC309002A5702 /* CoreFoundation.framework in Frameworks */ = {isa = PBXBuildFile; fileRef = F7C0AF242C9AC309002A5702 /* CoreFoundation.framework */; };
		F7C0AF272C9AC37A002A5702 /* CoreGraphics.framework in Frameworks */ = {isa = PBXBuildFile; fileRef = F7C0AF262C9AC37A002A5702 /* CoreGraphics.framework */; };
		F7C0AF292C9AC438002A5702 /* CoreImage.framework in Frameworks */ = {isa = PBXBuildFile; fileRef = F7C0AF282C9AC438002A5702 /* CoreImage.framework */; };
		F7C0AF2B2C9AC45E002A5702 /* CoreLocation.framework in Frameworks */ = {isa = PBXBuildFile; fileRef = F7C0AF2A2C9AC45E002A5702 /* CoreLocation.framework */; };
		F7C0AF2D2C9AC481002A5702 /* Foundation.framework in Frameworks */ = {isa = PBXBuildFile; fileRef = F7C0AF2C2C9AC481002A5702 /* Foundation.framework */; };
		F7C0AF2F2C9AC49F002A5702 /* MediaPlayer.framework in Frameworks */ = {isa = PBXBuildFile; fileRef = F7C0AF2E2C9AC49F002A5702 /* MediaPlayer.framework */; };
		F7C0AF312C9AC509002A5702 /* Security.framework in Frameworks */ = {isa = PBXBuildFile; fileRef = F7C0AF302C9AC509002A5702 /* Security.framework */; };
		F7C0AF332C9AC52D002A5702 /* StoreKit.framework in Frameworks */ = {isa = PBXBuildFile; fileRef = F7C0AF322C9AC52D002A5702 /* StoreKit.framework */; };
		F7C0AF352C9AC540002A5702 /* UIKit.framework in Frameworks */ = {isa = PBXBuildFile; fileRef = F7C0AF342C9AC540002A5702 /* UIKit.framework */; };
		F7C0AF372C9AC564002A5702 /* WebKit.framework in Frameworks */ = {isa = PBXBuildFile; fileRef = F7C0AF362C9AC564002A5702 /* WebKit.framework */; };
		F7C0AF392C9AC58E002A5702 /* SystemConfiguration.framework in Frameworks */ = {isa = PBXBuildFile; fileRef = F7C0AF382C9AC58D002A5702 /* SystemConfiguration.framework */; };
		F7C0AF3B2C9AC5A8002A5702 /* QuartzCore.framework in Frameworks */ = {isa = PBXBuildFile; fileRef = F7C0AF3A2C9AC5A8002A5702 /* QuartzCore.framework */; };
		F7C0AF3D2C9AC5F4002A5702 /* MobileCoreServices.framework in Frameworks */ = {isa = PBXBuildFile; fileRef = F7C0AF3C2C9AC5F4002A5702 /* MobileCoreServices.framework */; };
/* End PBXBuildFile section */

/* Begin PBXContainerItemProxy section */
		F7C0AEE82C9ABD09002A5702 /* PBXContainerItemProxy */ = {
			isa = PBXContainerItemProxy;
			containerPortal = F7C0AEC42C9ABD07002A5702 /* Project object */;
			proxyType = 1;
			remoteGlobalIDString = F7C0AECB2C9ABD07002A5702;
			remoteInfo = JiHuoNIaoDemo;
		};
		F7C0AEF22C9ABD09002A5702 /* PBXContainerItemProxy */ = {
			isa = PBXContainerItemProxy;
			containerPortal = F7C0AEC42C9ABD07002A5702 /* Project object */;
			proxyType = 1;
			remoteGlobalIDString = F7C0AECB2C9ABD07002A5702;
			remoteInfo = JiHuoNIaoDemo;
		};
/* End PBXContainerItemProxy section */

/* Begin PBXFileReference section */
		010CF1EED3E212B8BF89E3EB /* Pods-JiHuoNIaoDemo-JiHuoNIaoDemoUITests.debug.xcconfig */ = {isa = PBXFileReference; includeInIndex = 1; lastKnownFileType = text.xcconfig; name = "Pods-JiHuoNIaoDemo-JiHuoNIaoDemoUITests.debug.xcconfig"; path = "Target Support Files/Pods-JiHuoNIaoDemo-JiHuoNIaoDemoUITests/Pods-JiHuoNIaoDemo-JiHuoNIaoDemoUITests.debug.xcconfig"; sourceTree = "<group>"; };
		023AB6FB5554C255EB15FA9D /* Pods-JiHuoNIaoDemo.release.xcconfig */ = {isa = PBXFileReference; includeInIndex = 1; lastKnownFileType = text.xcconfig; name = "Pods-JiHuoNIaoDemo.release.xcconfig"; path = "Target Support Files/Pods-JiHuoNIaoDemo/Pods-JiHuoNIaoDemo.release.xcconfig"; sourceTree = "<group>"; };
		1D1257F9EB149FD191E88138 /* Pods-JiHuoNIaoDemo.debug.xcconfig */ = {isa = PBXFileReference; includeInIndex = 1; lastKnownFileType = text.xcconfig; name = "Pods-JiHuoNIaoDemo.debug.xcconfig"; path = "Target Support Files/Pods-JiHuoNIaoDemo/Pods-JiHuoNIaoDemo.debug.xcconfig"; sourceTree = "<group>"; };
		1D7F5DC2B12B9FDE3507ECB5 /* Pods_JiHuoNIaoDemo_JiHuoNIaoDemoUITests.framework */ = {isa = PBXFileReference; explicitFileType = wrapper.framework; includeInIndex = 0; path = Pods_JiHuoNIaoDemo_JiHuoNIaoDemoUITests.framework; sourceTree = BUILT_PRODUCTS_DIR; };
		4DECC2EB27A072040F5D9D72 /* Pods-JiHuoNIaoDemoTests.release.xcconfig */ = {isa = PBXFileReference; includeInIndex = 1; lastKnownFileType = text.xcconfig; name = "Pods-JiHuoNIaoDemoTests.release.xcconfig"; path = "Target Support Files/Pods-JiHuoNIaoDemoTests/Pods-JiHuoNIaoDemoTests.release.xcconfig"; sourceTree = "<group>"; };
		6B8900E8E054051221BC4C27 /* Pods-JiHuoNIaoDemo-JiHuoNIaoDemoUITests.release.xcconfig */ = {isa = PBXFileReference; includeInIndex = 1; lastKnownFileType = text.xcconfig; name = "Pods-JiHuoNIaoDemo-JiHuoNIaoDemoUITests.release.xcconfig"; path = "Target Support Files/Pods-JiHuoNIaoDemo-JiHuoNIaoDemoUITests/Pods-JiHuoNIaoDemo-JiHuoNIaoDemoUITests.release.xcconfig"; sourceTree = "<group>"; };
		7F78364686047DA258A59B1E /* Pods_JiHuoNIaoDemo.framework */ = {isa = PBXFileReference; explicitFileType = wrapper.framework; includeInIndex = 0; path = Pods_JiHuoNIaoDemo.framework; sourceTree = BUILT_PRODUCTS_DIR; };
		A84735A7663F46F3D4C5B69E /* Pods_JiHuoNIaoDemoTests.framework */ = {isa = PBXFileReference; explicitFileType = wrapper.framework; includeInIndex = 0; path = Pods_JiHuoNIaoDemoTests.framework; sourceTree = BUILT_PRODUCTS_DIR; };
		B9AEE392B4E8365CFBDB5915 /* Pods-JiHuoNIaoDemoTests.debug.xcconfig */ = {isa = PBXFileReference; includeInIndex = 1; lastKnownFileType = text.xcconfig; name = "Pods-JiHuoNIaoDemoTests.debug.xcconfig"; path = "Target Support Files/Pods-JiHuoNIaoDemoTests/Pods-JiHuoNIaoDemoTests.debug.xcconfig"; sourceTree = "<group>"; };
		F7C0AECC2C9ABD07002A5702 /* JiHuoNIaoDemo.app */ = {isa = PBXFileReference; explicitFileType = wrapper.application; includeInIndex = 0; path = JiHuoNIaoDemo.app; sourceTree = BUILT_PRODUCTS_DIR; };
		F7C0AECF2C9ABD07002A5702 /* AppDelegate.h */ = {isa = PBXFileReference; lastKnownFileType = sourcecode.c.h; path = AppDelegate.h; sourceTree = "<group>"; };
		F7C0AED02C9ABD07002A5702 /* AppDelegate.m */ = {isa = PBXFileReference; lastKnownFileType = sourcecode.c.objc; path = AppDelegate.m; sourceTree = "<group>"; };
		F7C0AED52C9ABD07002A5702 /* ViewController.h */ = {isa = PBXFileReference; lastKnownFileType = sourcecode.c.h; path = ViewController.h; sourceTree = "<group>"; };
		F7C0AED62C9ABD07002A5702 /* ViewController.m */ = {isa = PBXFileReference; lastKnownFileType = sourcecode.c.objc; path = ViewController.m; sourceTree = "<group>"; };
		F7C0AED92C9ABD07002A5702 /* Base */ = {isa = PBXFileReference; lastKnownFileType = file.storyboard; name = Base; path = Base.lproj/Main.storyboard; sourceTree = "<group>"; };
		F7C0AEDB2C9ABD09002A5702 /* Assets.xcassets */ = {isa = PBXFileReference; lastKnownFileType = folder.assetcatalog; path = Assets.xcassets; sourceTree = "<group>"; };
		F7C0AEDE2C9ABD09002A5702 /* Base */ = {isa = PBXFileReference; lastKnownFileType = file.storyboard; name = Base; path = Base.lproj/LaunchScreen.storyboard; sourceTree = "<group>"; };
		F7C0AEE02C9ABD09002A5702 /* Info.plist */ = {isa = PBXFileReference; lastKnownFileType = text.plist.xml; path = Info.plist; sourceTree = "<group>"; };
		F7C0AEE12C9ABD09002A5702 /* main.m */ = {isa = PBXFileReference; lastKnownFileType = sourcecode.c.objc; path = main.m; sourceTree = "<group>"; };
		F7C0AEE72C9ABD09002A5702 /* JiHuoNIaoDemoTests.xctest */ = {isa = PBXFileReference; explicitFileType = wrapper.cfbundle; includeInIndex = 0; path = JiHuoNIaoDemoTests.xctest; sourceTree = BUILT_PRODUCTS_DIR; };
		F7C0AEEB2C9ABD09002A5702 /* JiHuoNIaoDemoTests.m */ = {isa = PBXFileReference; lastKnownFileType = sourcecode.c.objc; path = JiHuoNIaoDemoTests.m; sourceTree = "<group>"; };
		F7C0AEF12C9ABD09002A5702 /* JiHuoNIaoDemoUITests.xctest */ = {isa = PBXFileReference; explicitFileType = wrapper.cfbundle; includeInIndex = 0; path = JiHuoNIaoDemoUITests.xctest; sourceTree = BUILT_PRODUCTS_DIR; };
		F7C0AEF52C9ABD09002A5702 /* JiHuoNIaoDemoUITests.m */ = {isa = PBXFileReference; lastKnownFileType = sourcecode.c.objc; path = JiHuoNIaoDemoUITests.m; sourceTree = "<group>"; };
		F7C0AEF72C9ABD09002A5702 /* JiHuoNIaoDemoUITestsLaunchTests.m */ = {isa = PBXFileReference; lastKnownFileType = sourcecode.c.objc; path = JiHuoNIaoDemoUITestsLaunchTests.m; sourceTree = "<group>"; };
		F7C0AF042C9ABF5A002A5702 /* JHNBaseNavigationeController.m */ = {isa = PBXFileReference; fileEncoding = 4; lastKnownFileType = sourcecode.c.objc; path = JHNBaseNavigationeController.m; sourceTree = "<group>"; };
		F7C0AF052C9ABF5A002A5702 /* JIHuoNiaoAdSDK.framework */ = {isa = PBXFileReference; lastKnownFileType = wrapper.framework; path = JIHuoNiaoAdSDK.framework; sourceTree = "<group>"; };
		F7C0AF062C9ABF5A002A5702 /* JIHuoNiaoImage.bundle */ = {isa = PBXFileReference; lastKnownFileType = "wrapper.plug-in"; path = JIHuoNiaoImage.bundle; sourceTree = "<group>"; };
		F7C0AF082C9ABF5A002A5702 /* JHNBaseNavigationeController.h */ = {isa = PBXFileReference; fileEncoding = 4; lastKnownFileType = sourcecode.c.h; path = JHNBaseNavigationeController.h; sourceTree = "<group>"; };
		F7C0AF092C9ABF5A002A5702 /* ExpressFeedAdViewController.h */ = {isa = PBXFileReference; fileEncoding = 4; lastKnownFileType = sourcecode.c.h; path = ExpressFeedAdViewController.h; sourceTree = "<group>"; };
		F7C0AF0A2C9ABF5A002A5702 /* ExpressFeedAdViewController.m */ = {isa = PBXFileReference; fileEncoding = 4; lastKnownFileType = sourcecode.c.objc; path = ExpressFeedAdViewController.m; sourceTree = "<group>"; };
		F7C0AF0B2C9ABF5A002A5702 /* ExpressInterstitialAdViewController.h */ = {isa = PBXFileReference; fileEncoding = 4; lastKnownFileType = sourcecode.c.h; path = ExpressInterstitialAdViewController.h; sourceTree = "<group>"; };
		F7C0AF0C2C9ABF5A002A5702 /* ExpressInterstitialAdViewController.m */ = {isa = PBXFileReference; fileEncoding = 4; lastKnownFileType = sourcecode.c.objc; path = ExpressInterstitialAdViewController.m; sourceTree = "<group>"; };
		F7C0AF0D2C9ABF5A002A5702 /* ExpressRewardAdViewController.h */ = {isa = PBXFileReference; fileEncoding = 4; lastKnownFileType = sourcecode.c.h; path = ExpressRewardAdViewController.h; sourceTree = "<group>"; };
		F7C0AF0E2C9ABF5A002A5702 /* ExpressRewardAdViewController.m */ = {isa = PBXFileReference; fileEncoding = 4; lastKnownFileType = sourcecode.c.objc; path = ExpressRewardAdViewController.m; sourceTree = "<group>"; };
		F7C0AF0F2C9ABF5A002A5702 /* ExpressSplashAdViewController.h */ = {isa = PBXFileReference; fileEncoding = 4; lastKnownFileType = sourcecode.c.h; path = ExpressSplashAdViewController.h; sourceTree = "<group>"; };
		F7C0AF102C9ABF5A002A5702 /* ExpressSplashAdViewController.m */ = {isa = PBXFileReference; fileEncoding = 4; lastKnownFileType = sourcecode.c.objc; path = ExpressSplashAdViewController.m; sourceTree = "<group>"; };
		F7C0AF112C9ABF5A002A5702 /* GDIndexGuangGao.h */ = {isa = PBXFileReference; fileEncoding = 4; lastKnownFileType = sourcecode.c.h; path = GDIndexGuangGao.h; sourceTree = "<group>"; };
		F7C0AF122C9ABF5A002A5702 /* GDIndexGuangGao.m */ = {isa = PBXFileReference; fileEncoding = 4; lastKnownFileType = sourcecode.c.objc; path = GDIndexGuangGao.m; sourceTree = "<group>"; };
		F7C0AF1C2C9ABF8A002A5702 /* PrefixHeader.pch */ = {isa = PBXFileReference; fileEncoding = 4; lastKnownFileType = sourcecode.c.h; path = PrefixHeader.pch; sourceTree = "<group>"; };
		F7C0AF1E2C9AC2A0002A5702 /* AVFAudio.framework */ = {isa = PBXFileReference; lastKnownFileType = wrapper.framework; name = AVFAudio.framework; path = System/Library/Frameworks/AVFAudio.framework; sourceTree = SDKROOT; };
		F7C0AF202C9AC2BF002A5702 /* AVFoundation.framework */ = {isa = PBXFileReference; lastKnownFileType = wrapper.framework; name = AVFoundation.framework; path = System/Library/Frameworks/AVFoundation.framework; sourceTree = SDKROOT; };
		F7C0AF222C9AC2D9002A5702 /* CFNetwork.framework */ = {isa = PBXFileReference; lastKnownFileType = wrapper.framework; name = CFNetwork.framework; path = System/Library/Frameworks/CFNetwork.framework; sourceTree = SDKROOT; };
		F7C0AF242C9AC309002A5702 /* CoreFoundation.framework */ = {isa = PBXFileReference; lastKnownFileType = wrapper.framework; name = CoreFoundation.framework; path = System/Library/Frameworks/CoreFoundation.framework; sourceTree = SDKROOT; };
		F7C0AF262C9AC37A002A5702 /* CoreGraphics.framework */ = {isa = PBXFileReference; lastKnownFileType = wrapper.framework; name = CoreGraphics.framework; path = System/Library/Frameworks/CoreGraphics.framework; sourceTree = SDKROOT; };
		F7C0AF282C9AC438002A5702 /* CoreImage.framework */ = {isa = PBXFileReference; lastKnownFileType = wrapper.framework; name = CoreImage.framework; path = System/Library/Frameworks/CoreImage.framework; sourceTree = SDKROOT; };
		F7C0AF2A2C9AC45E002A5702 /* CoreLocation.framework */ = {isa = PBXFileReference; lastKnownFileType = wrapper.framework; name = CoreLocation.framework; path = System/Library/Frameworks/CoreLocation.framework; sourceTree = SDKROOT; };
		F7C0AF2C2C9AC481002A5702 /* Foundation.framework */ = {isa = PBXFileReference; lastKnownFileType = wrapper.framework; name = Foundation.framework; path = System/Library/Frameworks/Foundation.framework; sourceTree = SDKROOT; };
		F7C0AF2E2C9AC49F002A5702 /* MediaPlayer.framework */ = {isa = PBXFileReference; lastKnownFileType = wrapper.framework; name = MediaPlayer.framework; path = System/Library/Frameworks/MediaPlayer.framework; sourceTree = SDKROOT; };
		F7C0AF302C9AC509002A5702 /* Security.framework */ = {isa = PBXFileReference; lastKnownFileType = wrapper.framework; name = Security.framework; path = System/Library/Frameworks/Security.framework; sourceTree = SDKROOT; };
		F7C0AF322C9AC52D002A5702 /* StoreKit.framework */ = {isa = PBXFileReference; lastKnownFileType = wrapper.framework; name = StoreKit.framework; path = System/Library/Frameworks/StoreKit.framework; sourceTree = SDKROOT; };
		F7C0AF342C9AC540002A5702 /* UIKit.framework */ = {isa = PBXFileReference; lastKnownFileType = wrapper.framework; name = UIKit.framework; path = System/Library/Frameworks/UIKit.framework; sourceTree = SDKROOT; };
		F7C0AF362C9AC564002A5702 /* WebKit.framework */ = {isa = PBXFileReference; lastKnownFileType = wrapper.framework; name = WebKit.framework; path = System/Library/Frameworks/WebKit.framework; sourceTree = SDKROOT; };
		F7C0AF382C9AC58D002A5702 /* SystemConfiguration.framework */ = {isa = PBXFileReference; lastKnownFileType = wrapper.framework; name = SystemConfiguration.framework; path = System/Library/Frameworks/SystemConfiguration.framework; sourceTree = SDKROOT; };
		F7C0AF3A2C9AC5A8002A5702 /* QuartzCore.framework */ = {isa = PBXFileReference; lastKnownFileType = wrapper.framework; name = QuartzCore.framework; path = System/Library/Frameworks/QuartzCore.framework; sourceTree = SDKROOT; };
		F7C0AF3C2C9AC5F4002A5702 /* MobileCoreServices.framework */ = {isa = PBXFileReference; lastKnownFileType = wrapper.framework; name = MobileCoreServices.framework; path = System/Library/Frameworks/MobileCoreServices.framework; sourceTree = SDKROOT; };
		F7C0AF3E2C9AC74D002A5702 /* libiconv.tbd */ = {isa = PBXFileReference; lastKnownFileType = "sourcecode.text-based-dylib-definition"; name = libiconv.tbd; path = usr/lib/libiconv.tbd; sourceTree = SDKROOT; };
/* End PBXFileReference section */

/* Begin PBXFrameworksBuildPhase section */
		F7C0AEC92C9ABD07002A5702 /* Frameworks */ = {
			isa = PBXFrameworksBuildPhase;
			buildActionMask = 2147483647;
			files = (
				F7C0AF252C9AC309002A5702 /* CoreFoundation.framework in Frameworks */,
				F7C0AF352C9AC540002A5702 /* UIKit.framework in Frameworks */,
				F7C0AF232C9AC2D9002A5702 /* CFNetwork.framework in Frameworks */,
				F7C0AF212C9AC2BF002A5702 /* AVFoundation.framework in Frameworks */,
				F7C0AF272C9AC37A002A5702 /* CoreGraphics.framework in Frameworks */,
				F7C0AF3B2C9AC5A8002A5702 /* QuartzCore.framework in Frameworks */,
				F7C0AF2B2C9AC45E002A5702 /* CoreLocation.framework in Frameworks */,
				F7C0AF152C9ABF5A002A5702 /* JIHuoNiaoAdSDK.framework in Frameworks */,
				F7C0AF312C9AC509002A5702 /* Security.framework in Frameworks */,
				F7C0AF392C9AC58E002A5702 /* SystemConfiguration.framework in Frameworks */,
				F7C0AF292C9AC438002A5702 /* CoreImage.framework in Frameworks */,
				F7C0AF2F2C9AC49F002A5702 /* MediaPlayer.framework in Frameworks */,
				F7C0AF2D2C9AC481002A5702 /* Foundation.framework in Frameworks */,
				F7C0AF3D2C9AC5F4002A5702 /* MobileCoreServices.framework in Frameworks */,
				F7C0AF372C9AC564002A5702 /* WebKit.framework in Frameworks */,
				F7C0AF332C9AC52D002A5702 /* StoreKit.framework in Frameworks */,
				50B61693C8DE956743025BFF /* Pods_JiHuoNIaoDemo.framework in Frameworks */,
			);
			runOnlyForDeploymentPostprocessing = 0;
		};
		F7C0AEE42C9ABD09002A5702 /* Frameworks */ = {
			isa = PBXFrameworksBuildPhase;
			buildActionMask = 2147483647;
			files = (
				C329A921D1E354A1453AEF7B /* Pods_JiHuoNIaoDemoTests.framework in Frameworks */,
			);
			runOnlyForDeploymentPostprocessing = 0;
		};
		F7C0AEEE2C9ABD09002A5702 /* Frameworks */ = {
			isa = PBXFrameworksBuildPhase;
			buildActionMask = 2147483647;
			files = (
				BCF77DACD5B88D38F013BAE2 /* Pods_JiHuoNIaoDemo_JiHuoNIaoDemoUITests.framework in Frameworks */,
			);
			runOnlyForDeploymentPostprocessing = 0;
		};
/* End PBXFrameworksBuildPhase section */

/* Begin PBXGroup section */
		851FF230C6D366A08923A860 /* Pods */ = {
			isa = PBXGroup;
			children = (
				1D1257F9EB149FD191E88138 /* Pods-JiHuoNIaoDemo.debug.xcconfig */,
				023AB6FB5554C255EB15FA9D /* Pods-JiHuoNIaoDemo.release.xcconfig */,
				010CF1EED3E212B8BF89E3EB /* Pods-JiHuoNIaoDemo-JiHuoNIaoDemoUITests.debug.xcconfig */,
				6B8900E8E054051221BC4C27 /* Pods-JiHuoNIaoDemo-JiHuoNIaoDemoUITests.release.xcconfig */,
				B9AEE392B4E8365CFBDB5915 /* Pods-JiHuoNIaoDemoTests.debug.xcconfig */,
				4DECC2EB27A072040F5D9D72 /* Pods-JiHuoNIaoDemoTests.release.xcconfig */,
			);
			path = Pods;
			sourceTree = "<group>";
		};
		F7C0AEC32C9ABD07002A5702 = {
			isa = PBXGroup;
			children = (
				F7C0AECE2C9ABD07002A5702 /* JiHuoNIaoDemo */,
				F7C0AEEA2C9ABD09002A5702 /* JiHuoNIaoDemoTests */,
				F7C0AEF42C9ABD09002A5702 /* JiHuoNIaoDemoUITests */,
				F7C0AECD2C9ABD07002A5702 /* Products */,
				F7C0AF1D2C9AC29F002A5702 /* Frameworks */,
				851FF230C6D366A08923A860 /* Pods */,
			);
			sourceTree = "<group>";
		};
		F7C0AECD2C9ABD07002A5702 /* Products */ = {
			isa = PBXGroup;
			children = (
				F7C0AECC2C9ABD07002A5702 /* JiHuoNIaoDemo.app */,
				F7C0AEE72C9ABD09002A5702 /* JiHuoNIaoDemoTests.xctest */,
				F7C0AEF12C9ABD09002A5702 /* JiHuoNIaoDemoUITests.xctest */,
			);
			name = Products;
			sourceTree = "<group>";
		};
		F7C0AECE2C9ABD07002A5702 /* JiHuoNIaoDemo */ = {
			isa = PBXGroup;
			children = (
				F7C0AF082C9ABF5A002A5702 /* JHNBaseNavigationeController.h */,
				F7C0AF042C9ABF5A002A5702 /* JHNBaseNavigationeController.m */,
				F7C0AF072C9ABF5A002A5702 /* lib */,
				F7C0AF132C9ABF5A002A5702 /* MainClass */,
				F7C0AECF2C9ABD07002A5702 /* AppDelegate.h */,
				F7C0AED02C9ABD07002A5702 /* AppDelegate.m */,
				F7C0AF1C2C9ABF8A002A5702 /* PrefixHeader.pch */,
				F7C0AED52C9ABD07002A5702 /* ViewController.h */,
				F7C0AED62C9ABD07002A5702 /* ViewController.m */,
				F7C0AED82C9ABD07002A5702 /* Main.storyboard */,
				F7C0AEDB2C9ABD09002A5702 /* Assets.xcassets */,
				F7C0AEDD2C9ABD09002A5702 /* LaunchScreen.storyboard */,
				F7C0AEE02C9ABD09002A5702 /* Info.plist */,
				F7C0AEE12C9ABD09002A5702 /* main.m */,
			);
			path = JiHuoNIaoDemo;
			sourceTree = "<group>";
		};
		F7C0AEEA2C9ABD09002A5702 /* JiHuoNIaoDemoTests */ = {
			isa = PBXGroup;
			children = (
				F7C0AEEB2C9ABD09002A5702 /* JiHuoNIaoDemoTests.m */,
			);
			path = JiHuoNIaoDemoTests;
			sourceTree = "<group>";
		};
		F7C0AEF42C9ABD09002A5702 /* JiHuoNIaoDemoUITests */ = {
			isa = PBXGroup;
			children = (
				F7C0AEF52C9ABD09002A5702 /* JiHuoNIaoDemoUITests.m */,
				F7C0AEF72C9ABD09002A5702 /* JiHuoNIaoDemoUITestsLaunchTests.m */,
			);
			path = JiHuoNIaoDemoUITests;
			sourceTree = "<group>";
		};
		F7C0AF072C9ABF5A002A5702 /* lib */ = {
			isa = PBXGroup;
			children = (
				F7C0AF052C9ABF5A002A5702 /* JIHuoNiaoAdSDK.framework */,
				F7C0AF062C9ABF5A002A5702 /* JIHuoNiaoImage.bundle */,
			);
			path = lib;
			sourceTree = "<group>";
		};
		F7C0AF132C9ABF5A002A5702 /* MainClass */ = {
			isa = PBXGroup;
			children = (
				F7C0AF0F2C9ABF5A002A5702 /* ExpressSplashAdViewController.h */,
				F7C0AF102C9ABF5A002A5702 /* ExpressSplashAdViewController.m */,
				F7C0AF0B2C9ABF5A002A5702 /* ExpressInterstitialAdViewController.h */,
				F7C0AF0C2C9ABF5A002A5702 /* ExpressInterstitialAdViewController.m */,
				F7C0AF0D2C9ABF5A002A5702 /* ExpressRewardAdViewController.h */,
				F7C0AF0E2C9ABF5A002A5702 /* ExpressRewardAdViewController.m */,
				F7C0AF092C9ABF5A002A5702 /* ExpressFeedAdViewController.h */,
				F7C0AF0A2C9ABF5A002A5702 /* ExpressFeedAdViewController.m */,
				F7C0AF112C9ABF5A002A5702 /* GDIndexGuangGao.h */,
				F7C0AF122C9ABF5A002A5702 /* GDIndexGuangGao.m */,
			);
			path = MainClass;
			sourceTree = "<group>";
		};
		F7C0AF1D2C9AC29F002A5702 /* Frameworks */ = {
			isa = PBXGroup;
			children = (
				F7C0AF3E2C9AC74D002A5702 /* libiconv.tbd */,
				F7C0AF3C2C9AC5F4002A5702 /* MobileCoreServices.framework */,
				F7C0AF3A2C9AC5A8002A5702 /* QuartzCore.framework */,
				F7C0AF382C9AC58D002A5702 /* SystemConfiguration.framework */,
				F7C0AF362C9AC564002A5702 /* WebKit.framework */,
				F7C0AF342C9AC540002A5702 /* UIKit.framework */,
				F7C0AF322C9AC52D002A5702 /* StoreKit.framework */,
				F7C0AF302C9AC509002A5702 /* Security.framework */,
				F7C0AF2E2C9AC49F002A5702 /* MediaPlayer.framework */,
				F7C0AF2C2C9AC481002A5702 /* Foundation.framework */,
				F7C0AF2A2C9AC45E002A5702 /* CoreLocation.framework */,
				F7C0AF282C9AC438002A5702 /* CoreImage.framework */,
				F7C0AF262C9AC37A002A5702 /* CoreGraphics.framework */,
				F7C0AF242C9AC309002A5702 /* CoreFoundation.framework */,
				F7C0AF222C9AC2D9002A5702 /* CFNetwork.framework */,
				F7C0AF202C9AC2BF002A5702 /* AVFoundation.framework */,
				F7C0AF1E2C9AC2A0002A5702 /* AVFAudio.framework */,
				7F78364686047DA258A59B1E /* Pods_JiHuoNIaoDemo.framework */,
				1D7F5DC2B12B9FDE3507ECB5 /* Pods_JiHuoNIaoDemo_JiHuoNIaoDemoUITests.framework */,
				A84735A7663F46F3D4C5B69E /* Pods_JiHuoNIaoDemoTests.framework */,
			);
			name = Frameworks;
			sourceTree = "<group>";
		};
/* End PBXGroup section */

/* Begin PBXNativeTarget section */
		F7C0AECB2C9ABD07002A5702 /* JiHuoNIaoDemo */ = {
			isa = PBXNativeTarget;
			buildConfigurationList = F7C0AEFB2C9ABD09002A5702 /* Build configuration list for PBXNativeTarget "JiHuoNIaoDemo" */;
			buildPhases = (
				C629207464AD903D83966FE6 /* [CP] Check Pods Manifest.lock */,
				F7C0AEC82C9ABD07002A5702 /* Sources */,
				F7C0AEC92C9ABD07002A5702 /* Frameworks */,
				F7C0AECA2C9ABD07002A5702 /* Resources */,
				5F52E4C8D2C0688F0CB20C9E /* [CP] Embed Pods Frameworks */,
			);
			buildRules = (
			);
			dependencies = (
			);
			name = JiHuoNIaoDemo;
			productName = JiHuoNIaoDemo;
			productReference = F7C0AECC2C9ABD07002A5702 /* JiHuoNIaoDemo.app */;
			productType = "com.apple.product-type.application";
		};
		F7C0AEE62C9ABD09002A5702 /* JiHuoNIaoDemoTests */ = {
			isa = PBXNativeTarget;
			buildConfigurationList = F7C0AEFE2C9ABD09002A5702 /* Build configuration list for PBXNativeTarget "JiHuoNIaoDemoTests" */;
			buildPhases = (
				F7044C7066A407E557EF3336 /* [CP] Check Pods Manifest.lock */,
				F7C0AEE32C9ABD09002A5702 /* Sources */,
				F7C0AEE42C9ABD09002A5702 /* Frameworks */,
				F7C0AEE52C9ABD09002A5702 /* Resources */,
			);
			buildRules = (
			);
			dependencies = (
				F7C0AEE92C9ABD09002A5702 /* PBXTargetDependency */,
			);
			name = JiHuoNIaoDemoTests;
			productName = JiHuoNIaoDemoTests;
			productReference = F7C0AEE72C9ABD09002A5702 /* JiHuoNIaoDemoTests.xctest */;
			productType = "com.apple.product-type.bundle.unit-test";
		};
		F7C0AEF02C9ABD09002A5702 /* JiHuoNIaoDemoUITests */ = {
			isa = PBXNativeTarget;
			buildConfigurationList = F7C0AF012C9ABD09002A5702 /* Build configuration list for PBXNativeTarget "JiHuoNIaoDemoUITests" */;
			buildPhases = (
				6D48BE002F65EECE9F05BBC9 /* [CP] Check Pods Manifest.lock */,
				F7C0AEED2C9ABD09002A5702 /* Sources */,
				F7C0AEEE2C9ABD09002A5702 /* Frameworks */,
				F7C0AEEF2C9ABD09002A5702 /* Resources */,
				AC900CD6B1CD3838535460BB /* [CP] Embed Pods Frameworks */,
			);
			buildRules = (
			);
			dependencies = (
				F7C0AEF32C9ABD09002A5702 /* PBXTargetDependency */,
			);
			name = JiHuoNIaoDemoUITests;
			productName = JiHuoNIaoDemoUITests;
			productReference = F7C0AEF12C9ABD09002A5702 /* JiHuoNIaoDemoUITests.xctest */;
			productType = "com.apple.product-type.bundle.ui-testing";
		};
/* End PBXNativeTarget section */

/* Begin PBXProject section */
		F7C0AEC42C9ABD07002A5702 /* Project object */ = {
			isa = PBXProject;
			attributes = {
				BuildIndependentTargetsInParallel = 1;
				LastUpgradeCheck = 1540;
				TargetAttributes = {
					F7C0AECB2C9ABD07002A5702 = {
						CreatedOnToolsVersion = 15.4;
					};
					F7C0AEE62C9ABD09002A5702 = {
						CreatedOnToolsVersion = 15.4;
						TestTargetID = F7C0AECB2C9ABD07002A5702;
					};
					F7C0AEF02C9ABD09002A5702 = {
						CreatedOnToolsVersion = 15.4;
						TestTargetID = F7C0AECB2C9ABD07002A5702;
					};
				};
			};
			buildConfigurationList = F7C0AEC72C9ABD07002A5702 /* Build configuration list for PBXProject "JiHuoNIaoDemo" */;
			compatibilityVersion = "Xcode 14.0";
			developmentRegion = en;
			hasScannedForEncodings = 0;
			knownRegions = (
				en,
				Base,
			);
			mainGroup = F7C0AEC32C9ABD07002A5702;
			productRefGroup = F7C0AECD2C9ABD07002A5702 /* Products */;
			projectDirPath = "";
			projectRoot = "";
			targets = (
				F7C0AECB2C9ABD07002A5702 /* JiHuoNIaoDemo */,
				F7C0AEE62C9ABD09002A5702 /* JiHuoNIaoDemoTests */,
				F7C0AEF02C9ABD09002A5702 /* JiHuoNIaoDemoUITests */,
			);
		};
/* End PBXProject section */

/* Begin PBXResourcesBuildPhase section */
		F7C0AECA2C9ABD07002A5702 /* Resources */ = {
			isa = PBXResourcesBuildPhase;
			buildActionMask = 2147483647;
			files = (
				F7C0AEDC2C9ABD09002A5702 /* Assets.xcassets in Resources */,
				F7C0AEDF2C9ABD09002A5702 /* Base in Resources */,
				F7C0AF162C9ABF5A002A5702 /* JIHuoNiaoImage.bundle in Resources */,
				F7C0AEDA2C9ABD07002A5702 /* Base in Resources */,
			);
			runOnlyForDeploymentPostprocessing = 0;
		};
		F7C0AEE52C9ABD09002A5702 /* Resources */ = {
			isa = PBXResourcesBuildPhase;
			buildActionMask = 2147483647;
			files = (
			);
			runOnlyForDeploymentPostprocessing = 0;
		};
		F7C0AEEF2C9ABD09002A5702 /* Resources */ = {
			isa = PBXResourcesBuildPhase;
			buildActionMask = 2147483647;
			files = (
			);
			runOnlyForDeploymentPostprocessing = 0;
		};
/* End PBXResourcesBuildPhase section */

/* Begin PBXShellScriptBuildPhase section */
		5F52E4C8D2C0688F0CB20C9E /* [CP] Embed Pods Frameworks */ = {
			isa = PBXShellScriptBuildPhase;
			buildActionMask = 2147483647;
			files = (
			);
			inputFileListPaths = (
				"${PODS_ROOT}/Target Support Files/Pods-JiHuoNIaoDemo/Pods-JiHuoNIaoDemo-frameworks-${CONFIGURATION}-input-files.xcfilelist",
			);
			name = "[CP] Embed Pods Frameworks";
			outputFileListPaths = (
				"${PODS_ROOT}/Target Support Files/Pods-JiHuoNIaoDemo/Pods-JiHuoNIaoDemo-frameworks-${CONFIGURATION}-output-files.xcfilelist",
			);
			runOnlyForDeploymentPostprocessing = 0;
			shellPath = /bin/sh;
			shellScript = "\"${PODS_ROOT}/Target Support Files/Pods-JiHuoNIaoDemo/Pods-JiHuoNIaoDemo-frameworks.sh\"\n";
			showEnvVarsInLog = 0;
		};
		6D48BE002F65EECE9F05BBC9 /* [CP] Check Pods Manifest.lock */ = {
			isa = PBXShellScriptBuildPhase;
			buildActionMask = 2147483647;
			files = (
			);
			inputFileListPaths = (
			);
			inputPaths = (
				"${PODS_PODFILE_DIR_PATH}/Podfile.lock",
				"${PODS_ROOT}/Manifest.lock",
			);
			name = "[CP] Check Pods Manifest.lock";
			outputFileListPaths = (
			);
			outputPaths = (
				"$(DERIVED_FILE_DIR)/Pods-JiHuoNIaoDemo-JiHuoNIaoDemoUITests-checkManifestLockResult.txt",
			);
			runOnlyForDeploymentPostprocessing = 0;
			shellPath = /bin/sh;
			shellScript = "diff \"${PODS_PODFILE_DIR_PATH}/Podfile.lock\" \"${PODS_ROOT}/Manifest.lock\" > /dev/null\nif [ $? != 0 ] ; then\n    # print error to STDERR\n    echo \"error: The sandbox is not in sync with the Podfile.lock. Run 'pod install' or update your CocoaPods installation.\" >&2\n    exit 1\nfi\n# This output is used by Xcode 'outputs' to avoid re-running this script phase.\necho \"SUCCESS\" > \"${SCRIPT_OUTPUT_FILE_0}\"\n";
			showEnvVarsInLog = 0;
		};
		AC900CD6B1CD3838535460BB /* [CP] Embed Pods Frameworks */ = {
			isa = PBXShellScriptBuildPhase;
			buildActionMask = 2147483647;
			files = (
			);
			inputFileListPaths = (
				"${PODS_ROOT}/Target Support Files/Pods-JiHuoNIaoDemo-JiHuoNIaoDemoUITests/Pods-JiHuoNIaoDemo-JiHuoNIaoDemoUITests-frameworks-${CONFIGURATION}-input-files.xcfilelist",
			);
			name = "[CP] Embed Pods Frameworks";
			outputFileListPaths = (
				"${PODS_ROOT}/Target Support Files/Pods-JiHuoNIaoDemo-JiHuoNIaoDemoUITests/Pods-JiHuoNIaoDemo-JiHuoNIaoDemoUITests-frameworks-${CONFIGURATION}-output-files.xcfilelist",
			);
			runOnlyForDeploymentPostprocessing = 0;
			shellPath = /bin/sh;
			shellScript = "\"${PODS_ROOT}/Target Support Files/Pods-JiHuoNIaoDemo-JiHuoNIaoDemoUITests/Pods-JiHuoNIaoDemo-JiHuoNIaoDemoUITests-frameworks.sh\"\n";
			showEnvVarsInLog = 0;
		};
		C629207464AD903D83966FE6 /* [CP] Check Pods Manifest.lock */ = {
			isa = PBXShellScriptBuildPhase;
			buildActionMask = 2147483647;
			files = (
			);
			inputFileListPaths = (
			);
			inputPaths = (
				"${PODS_PODFILE_DIR_PATH}/Podfile.lock",
				"${PODS_ROOT}/Manifest.lock",
			);
			name = "[CP] Check Pods Manifest.lock";
			outputFileListPaths = (
			);
			outputPaths = (
				"$(DERIVED_FILE_DIR)/Pods-JiHuoNIaoDemo-checkManifestLockResult.txt",
			);
			runOnlyForDeploymentPostprocessing = 0;
			shellPath = /bin/sh;
			shellScript = "diff \"${PODS_PODFILE_DIR_PATH}/Podfile.lock\" \"${PODS_ROOT}/Manifest.lock\" > /dev/null\nif [ $? != 0 ] ; then\n    # print error to STDERR\n    echo \"error: The sandbox is not in sync with the Podfile.lock. Run 'pod install' or update your CocoaPods installation.\" >&2\n    exit 1\nfi\n# This output is used by Xcode 'outputs' to avoid re-running this script phase.\necho \"SUCCESS\" > \"${SCRIPT_OUTPUT_FILE_0}\"\n";
			showEnvVarsInLog = 0;
		};
		F7044C7066A407E557EF3336 /* [CP] Check Pods Manifest.lock */ = {
			isa = PBXShellScriptBuildPhase;
			buildActionMask = 2147483647;
			files = (
			);
			inputFileListPaths = (
			);
			inputPaths = (
				"${PODS_PODFILE_DIR_PATH}/Podfile.lock",
				"${PODS_ROOT}/Manifest.lock",
			);
			name = "[CP] Check Pods Manifest.lock";
			outputFileListPaths = (
			);
			outputPaths = (
				"$(DERIVED_FILE_DIR)/Pods-JiHuoNIaoDemoTests-checkManifestLockResult.txt",
			);
			runOnlyForDeploymentPostprocessing = 0;
			shellPath = /bin/sh;
			shellScript = "diff \"${PODS_PODFILE_DIR_PATH}/Podfile.lock\" \"${PODS_ROOT}/Manifest.lock\" > /dev/null\nif [ $? != 0 ] ; then\n    # print error to STDERR\n    echo \"error: The sandbox is not in sync with the Podfile.lock. Run 'pod install' or update your CocoaPods installation.\" >&2\n    exit 1\nfi\n# This output is used by Xcode 'outputs' to avoid re-running this script phase.\necho \"SUCCESS\" > \"${SCRIPT_OUTPUT_FILE_0}\"\n";
			showEnvVarsInLog = 0;
		};
/* End PBXShellScriptBuildPhase section */

/* Begin PBXSourcesBuildPhase section */
		F7C0AEC82C9ABD07002A5702 /* Sources */ = {
			isa = PBXSourcesBuildPhase;
			buildActionMask = 2147483647;
			files = (
				F7C0AED72C9ABD07002A5702 /* ViewController.m in Sources */,
				F7C0AF142C9ABF5A002A5702 /* JHNBaseNavigationeController.m in Sources */,
				F7C0AF172C9ABF5A002A5702 /* ExpressFeedAdViewController.m in Sources */,
				F7C0AF1A2C9ABF5A002A5702 /* ExpressSplashAdViewController.m in Sources */,
				F7C0AED12C9ABD07002A5702 /* AppDelegate.m in Sources */,
				F7C0AF192C9ABF5A002A5702 /* ExpressRewardAdViewController.m in Sources */,
				F7C0AF182C9ABF5A002A5702 /* ExpressInterstitialAdViewController.m in Sources */,
				F7C0AEE22C9ABD09002A5702 /* main.m in Sources */,
				F7C0AF1B2C9ABF5A002A5702 /* GDIndexGuangGao.m in Sources */,
			);
			runOnlyForDeploymentPostprocessing = 0;
		};
		F7C0AEE32C9ABD09002A5702 /* Sources */ = {
			isa = PBXSourcesBuildPhase;
			buildActionMask = 2147483647;
			files = (
				F7C0AEEC2C9ABD09002A5702 /* JiHuoNIaoDemoTests.m in Sources */,
			);
			runOnlyForDeploymentPostprocessing = 0;
		};
		F7C0AEED2C9ABD09002A5702 /* Sources */ = {
			isa = PBXSourcesBuildPhase;
			buildActionMask = 2147483647;
			files = (
				F7C0AEF82C9ABD09002A5702 /* JiHuoNIaoDemoUITestsLaunchTests.m in Sources */,
				F7C0AEF62C9ABD09002A5702 /* JiHuoNIaoDemoUITests.m in Sources */,
			);
			runOnlyForDeploymentPostprocessing = 0;
		};
/* End PBXSourcesBuildPhase section */

/* Begin PBXTargetDependency section */
		F7C0AEE92C9ABD09002A5702 /* PBXTargetDependency */ = {
			isa = PBXTargetDependency;
			target = F7C0AECB2C9ABD07002A5702 /* JiHuoNIaoDemo */;
			targetProxy = F7C0AEE82C9ABD09002A5702 /* PBXContainerItemProxy */;
		};
		F7C0AEF32C9ABD09002A5702 /* PBXTargetDependency */ = {
			isa = PBXTargetDependency;
			target = F7C0AECB2C9ABD07002A5702 /* JiHuoNIaoDemo */;
			targetProxy = F7C0AEF22C9ABD09002A5702 /* PBXContainerItemProxy */;
		};
/* End PBXTargetDependency section */

/* Begin PBXVariantGroup section */
		F7C0AED82C9ABD07002A5702 /* Main.storyboard */ = {
			isa = PBXVariantGroup;
			children = (
				F7C0AED92C9ABD07002A5702 /* Base */,
			);
			name = Main.storyboard;
			sourceTree = "<group>";
		};
		F7C0AEDD2C9ABD09002A5702 /* LaunchScreen.storyboard */ = {
			isa = PBXVariantGroup;
			children = (
				F7C0AEDE2C9ABD09002A5702 /* Base */,
			);
			name = LaunchScreen.storyboard;
			sourceTree = "<group>";
		};
/* End PBXVariantGroup section */

/* Begin XCBuildConfiguration section */
		F7C0AEF92C9ABD09002A5702 /* Debug */ = {
			isa = XCBuildConfiguration;
			buildSettings = {
				ALWAYS_SEARCH_USER_PATHS = NO;
				ASSETCATALOG_COMPILER_GENERATE_SWIFT_ASSET_SYMBOL_EXTENSIONS = YES;
				CLANG_ANALYZER_NONNULL = YES;
				CLANG_ANALYZER_NUMBER_OBJECT_CONVERSION = YES_AGGRESSIVE;
				CLANG_CXX_LANGUAGE_STANDARD = "gnu++20";
				CLANG_ENABLE_MODULES = YES;
				CLANG_ENABLE_OBJC_ARC = YES;
				CLANG_ENABLE_OBJC_WEAK = YES;
				CLANG_WARN_BLOCK_CAPTURE_AUTORELEASING = YES;
				CLANG_WARN_BOOL_CONVERSION = YES;
				CLANG_WARN_COMMA = YES;
				CLANG_WARN_CONSTANT_CONVERSION = YES;
				CLANG_WARN_DEPRECATED_OBJC_IMPLEMENTATIONS = YES;
				CLANG_WARN_DIRECT_OBJC_ISA_USAGE = YES_ERROR;
				CLANG_WARN_DOCUMENTATION_COMMENTS = YES;
				CLANG_WARN_EMPTY_BODY = YES;
				CLANG_WARN_ENUM_CONVERSION = YES;
				CLANG_WARN_INFINITE_RECURSION = YES;
				CLANG_WARN_INT_CONVERSION = YES;
				CLANG_WARN_NON_LITERAL_NULL_CONVERSION = YES;
				CLANG_WARN_OBJC_IMPLICIT_RETAIN_SELF = YES;
				CLANG_WARN_OBJC_LITERAL_CONVERSION = YES;
				CLANG_WARN_OBJC_ROOT_CLASS = YES_ERROR;
				CLANG_WARN_QUOTED_INCLUDE_IN_FRAMEWORK_HEADER = YES;
				CLANG_WARN_RANGE_LOOP_ANALYSIS = YES;
				CLANG_WARN_STRICT_PROTOTYPES = YES;
				CLANG_WARN_SUSPICIOUS_MOVE = YES;
				CLANG_WARN_UNGUARDED_AVAILABILITY = YES_AGGRESSIVE;
				CLANG_WARN_UNREACHABLE_CODE = YES;
				CLANG_WARN__DUPLICATE_METHOD_MATCH = YES;
				COPY_PHASE_STRIP = NO;
				DEBUG_INFORMATION_FORMAT = dwarf;
				ENABLE_STRICT_OBJC_MSGSEND = YES;
				ENABLE_TESTABILITY = YES;
				ENABLE_USER_SCRIPT_SANDBOXING = YES;
				GCC_C_LANGUAGE_STANDARD = gnu17;
				GCC_DYNAMIC_NO_PIC = NO;
				GCC_NO_COMMON_BLOCKS = YES;
				GCC_OPTIMIZATION_LEVEL = 0;
				GCC_PREPROCESSOR_DEFINITIONS = (
					"DEBUG=1",
					"$(inherited)",
				);
				GCC_WARN_64_TO_32_BIT_CONVERSION = YES;
				GCC_WARN_ABOUT_RETURN_TYPE = YES_ERROR;
				GCC_WARN_UNDECLARED_SELECTOR = YES;
				GCC_WARN_UNINITIALIZED_AUTOS = YES_AGGRESSIVE;
				GCC_WARN_UNUSED_FUNCTION = YES;
				GCC_WARN_UNUSED_VARIABLE = YES;
				IPHONEOS_DEPLOYMENT_TARGET = 17.5;
				LOCALIZATION_PREFERS_STRING_CATALOGS = YES;
				MTL_ENABLE_DEBUG_INFO = INCLUDE_SOURCE;
				MTL_FAST_MATH = YES;
				ONLY_ACTIVE_ARCH = YES;
				SDKROOT = iphoneos;
			};
			name = Debug;
		};
		F7C0AEFA2C9ABD09002A5702 /* Release */ = {
			isa = XCBuildConfiguration;
			buildSettings = {
				ALWAYS_SEARCH_USER_PATHS = NO;
				ASSETCATALOG_COMPILER_GENERATE_SWIFT_ASSET_SYMBOL_EXTENSIONS = YES;
				CLANG_ANALYZER_NONNULL = YES;
				CLANG_ANALYZER_NUMBER_OBJECT_CONVERSION = YES_AGGRESSIVE;
				CLANG_CXX_LANGUAGE_STANDARD = "gnu++20";
				CLANG_ENABLE_MODULES = YES;
				CLANG_ENABLE_OBJC_ARC = YES;
				CLANG_ENABLE_OBJC_WEAK = YES;
				CLANG_WARN_BLOCK_CAPTURE_AUTORELEASING = YES;
				CLANG_WARN_BOOL_CONVERSION = YES;
				CLANG_WARN_COMMA = YES;
				CLANG_WARN_CONSTANT_CONVERSION = YES;
				CLANG_WARN_DEPRECATED_OBJC_IMPLEMENTATIONS = YES;
				CLANG_WARN_DIRECT_OBJC_ISA_USAGE = YES_ERROR;
				CLANG_WARN_DOCUMENTATION_COMMENTS = YES;
				CLANG_WARN_EMPTY_BODY = YES;
				CLANG_WARN_ENUM_CONVERSION = YES;
				CLANG_WARN_INFINITE_RECURSION = YES;
				CLANG_WARN_INT_CONVERSION = YES;
				CLANG_WARN_NON_LITERAL_NULL_CONVERSION = YES;
				CLANG_WARN_OBJC_IMPLICIT_RETAIN_SELF = YES;
				CLANG_WARN_OBJC_LITERAL_CONVERSION = YES;
				CLANG_WARN_OBJC_ROOT_CLASS = YES_ERROR;
				CLANG_WARN_QUOTED_INCLUDE_IN_FRAMEWORK_HEADER = YES;
				CLANG_WARN_RANGE_LOOP_ANALYSIS = YES;
				CLANG_WARN_STRICT_PROTOTYPES = YES;
				CLANG_WARN_SUSPICIOUS_MOVE = YES;
				CLANG_WARN_UNGUARDED_AVAILABILITY = YES_AGGRESSIVE;
				CLANG_WARN_UNREACHABLE_CODE = YES;
				CLANG_WARN__DUPLICATE_METHOD_MATCH = YES;
				COPY_PHASE_STRIP = NO;
				DEBUG_INFORMATION_FORMAT = "dwarf-with-dsym";
				ENABLE_NS_ASSERTIONS = NO;
				ENABLE_STRICT_OBJC_MSGSEND = YES;
				ENABLE_USER_SCRIPT_SANDBOXING = YES;
				GCC_C_LANGUAGE_STANDARD = gnu17;
				GCC_NO_COMMON_BLOCKS = YES;
				GCC_WARN_64_TO_32_BIT_CONVERSION = YES;
				GCC_WARN_ABOUT_RETURN_TYPE = YES_ERROR;
				GCC_WARN_UNDECLARED_SELECTOR = YES;
				GCC_WARN_UNINITIALIZED_AUTOS = YES_AGGRESSIVE;
				GCC_WARN_UNUSED_FUNCTION = YES;
				GCC_WARN_UNUSED_VARIABLE = YES;
				IPHONEOS_DEPLOYMENT_TARGET = 17.5;
				LOCALIZATION_PREFERS_STRING_CATALOGS = YES;
				MTL_ENABLE_DEBUG_INFO = NO;
				MTL_FAST_MATH = YES;
				SDKROOT = iphoneos;
				VALIDATE_PRODUCT = YES;
			};
			name = Release;
		};
		F7C0AEFC2C9ABD09002A5702 /* Debug */ = {
			isa = XCBuildConfiguration;
			baseConfigurationReference = 1D1257F9EB149FD191E88138 /* Pods-JiHuoNIaoDemo.debug.xcconfig */;
			buildSettings = {
				ASSETCATALOG_COMPILER_APPICON_NAME = AppIcon;
				ASSETCATALOG_COMPILER_GLOBAL_ACCENT_COLOR_NAME = AccentColor;
				CODE_SIGN_STYLE = Automatic;
				CURRENT_PROJECT_VERSION = 1;
				DEVELOPMENT_TEAM = 5RF93QVD4V;
				ENABLE_USER_SCRIPT_SANDBOXING = NO;
				FRAMEWORK_SEARCH_PATHS = (
					"$(inherited)",
					"$(PROJECT_DIR)/JiHuoNIaoDemo/lib",
				);
				GCC_PREFIX_HEADER = "$(PROJECT_DIR)/JiHuoNIaoDemo/PrefixHeader.pch";
				GENERATE_INFOPLIST_FILE = YES;
				INFOPLIST_FILE = JiHuoNIaoDemo/Info.plist;
				INFOPLIST_KEY_UIApplicationSupportsIndirectInputEvents = YES;
				INFOPLIST_KEY_UILaunchStoryboardName = LaunchScreen;
				INFOPLIST_KEY_UIMainStoryboardFile = Main;
				INFOPLIST_KEY_UISupportedInterfaceOrientations_iPad = "UIInterfaceOrientationPortrait UIInterfaceOrientationPortraitUpsideDown UIInterfaceOrientationLandscapeLeft UIInterfaceOrientationLandscapeRight";
				INFOPLIST_KEY_UISupportedInterfaceOrientations_iPhone = "UIInterfaceOrientationPortrait UIInterfaceOrientationLandscapeLeft UIInterfaceOrientationLandscapeRight";
				IPHONEOS_DEPLOYMENT_TARGET = 12.0;
				LD_RUNPATH_SEARCH_PATHS = (
					"$(inherited)",
					"@executable_path/Frameworks",
				);
				MARKETING_VERSION = 1.0;
				OTHER_LDFLAGS = "-ObjC";
				PRODUCT_BUNDLE_IDENTIFIER = aaaa.JiHuoDemokk;
				PRODUCT_NAME = "$(TARGET_NAME)";
				SWIFT_EMIT_LOC_STRINGS = YES;
				TARGETED_DEVICE_FAMILY = "1,2";
			};
			name = Debug;
		};
		F7C0AEFD2C9ABD09002A5702 /* Release */ = {
			isa = XCBuildConfiguration;
			baseConfigurationReference = 023AB6FB5554C255EB15FA9D /* Pods-JiHuoNIaoDemo.release.xcconfig */;
			buildSettings = {
				ASSETCATALOG_COMPILER_APPICON_NAME = AppIcon;
				ASSETCATALOG_COMPILER_GLOBAL_ACCENT_COLOR_NAME = AccentColor;
				CODE_SIGN_STYLE = Automatic;
				CURRENT_PROJECT_VERSION = 1;
				DEVELOPMENT_TEAM = 5RF93QVD4V;
				ENABLE_USER_SCRIPT_SANDBOXING = NO;
				FRAMEWORK_SEARCH_PATHS = (
					"$(inherited)",
					"$(PROJECT_DIR)/JiHuoNIaoDemo/lib",
				);
				GCC_PREFIX_HEADER = "$(PROJECT_DIR)/JiHuoNIaoDemo/PrefixHeader.pch";
				GENERATE_INFOPLIST_FILE = YES;
				INFOPLIST_FILE = JiHuoNIaoDemo/Info.plist;
				INFOPLIST_KEY_UIApplicationSupportsIndirectInputEvents = YES;
				INFOPLIST_KEY_UILaunchStoryboardName = LaunchScreen;
				INFOPLIST_KEY_UIMainStoryboardFile = Main;
				INFOPLIST_KEY_UISupportedInterfaceOrientations_iPad = "UIInterfaceOrientationPortrait UIInterfaceOrientationPortraitUpsideDown UIInterfaceOrientationLandscapeLeft UIInterfaceOrientationLandscapeRight";
				INFOPLIST_KEY_UISupportedInterfaceOrientations_iPhone = "UIInterfaceOrientationPortrait UIInterfaceOrientationLandscapeLeft UIInterfaceOrientationLandscapeRight";
				IPHONEOS_DEPLOYMENT_TARGET = 12.0;
				LD_RUNPATH_SEARCH_PATHS = (
					"$(inherited)",
					"@executable_path/Frameworks",
				);
				MARKETING_VERSION = 1.0;
				OTHER_LDFLAGS = "-ObjC";
				PRODUCT_BUNDLE_IDENTIFIER = aaaa.JiHuoDemokk;
				PRODUCT_NAME = "$(TARGET_NAME)";
				SWIFT_EMIT_LOC_STRINGS = YES;
				TARGETED_DEVICE_FAMILY = "1,2";
			};
			name = Release;
		};
		F7C0AEFF2C9ABD09002A5702 /* Debug */ = {
			isa = XCBuildConfiguration;
			baseConfigurationReference = B9AEE392B4E8365CFBDB5915 /* Pods-JiHuoNIaoDemoTests.debug.xcconfig */;
			buildSettings = {
				BUNDLE_LOADER = "$(TEST_HOST)";
				CODE_SIGN_STYLE = Automatic;
				CURRENT_PROJECT_VERSION = 1;
				DEVELOPMENT_TEAM = 5RF93QVD4V;
				GENERATE_INFOPLIST_FILE = YES;
				IPHONEOS_DEPLOYMENT_TARGET = 17.5;
				MARKETING_VERSION = 1.0;
				PRODUCT_BUNDLE_IDENTIFIER = aaaa.JiHuoNIaoDemoTests;
				PRODUCT_NAME = "$(TARGET_NAME)";
				SWIFT_EMIT_LOC_STRINGS = NO;
				TARGETED_DEVICE_FAMILY = "1,2";
				TEST_HOST = "$(BUILT_PRODUCTS_DIR)/JiHuoNIaoDemo.app/$(BUNDLE_EXECUTABLE_FOLDER_PATH)/JiHuoNIaoDemo";
			};
			name = Debug;
		};
		F7C0AF002C9ABD09002A5702 /* Release */ = {
			isa = XCBuildConfiguration;
			baseConfigurationReference = 4DECC2EB27A072040F5D9D72 /* Pods-JiHuoNIaoDemoTests.release.xcconfig */;
			buildSettings = {
				BUNDLE_LOADER = "$(TEST_HOST)";
				CODE_SIGN_STYLE = Automatic;
				CURRENT_PROJECT_VERSION = 1;
				DEVELOPMENT_TEAM = 5RF93QVD4V;
				GENERATE_INFOPLIST_FILE = YES;
				IPHONEOS_DEPLOYMENT_TARGET = 17.5;
				MARKETING_VERSION = 1.0;
				PRODUCT_BUNDLE_IDENTIFIER = aaaa.JiHuoNIaoDemoTests;
				PRODUCT_NAME = "$(TARGET_NAME)";
				SWIFT_EMIT_LOC_STRINGS = NO;
				TARGETED_DEVICE_FAMILY = "1,2";
				TEST_HOST = "$(BUILT_PRODUCTS_DIR)/JiHuoNIaoDemo.app/$(BUNDLE_EXECUTABLE_FOLDER_PATH)/JiHuoNIaoDemo";
			};
			name = Release;
		};
		F7C0AF022C9ABD09002A5702 /* Debug */ = {
			isa = XCBuildConfiguration;
			baseConfigurationReference = 010CF1EED3E212B8BF89E3EB /* Pods-JiHuoNIaoDemo-JiHuoNIaoDemoUITests.debug.xcconfig */;
			buildSettings = {
				CODE_SIGN_STYLE = Automatic;
				CURRENT_PROJECT_VERSION = 1;
				DEVELOPMENT_TEAM = 5RF93QVD4V;
				ENABLE_APP_SANDBOX = NO;
				ENABLE_USER_SCRIPT_SANDBOXING = NO;
				GENERATE_INFOPLIST_FILE = YES;
				MARKETING_VERSION = 1.0;
				PRODUCT_BUNDLE_IDENTIFIER = aaaa.JiHuoNIaoDemoUITests;
				PRODUCT_NAME = "$(TARGET_NAME)";
				SWIFT_EMIT_LOC_STRINGS = NO;
				TARGETED_DEVICE_FAMILY = "1,2";
				TEST_TARGET_NAME = JiHuoNIaoDemo;
			};
			name = Debug;
		};
		F7C0AF032C9ABD09002A5702 /* Release */ = {
			isa = XCBuildConfiguration;
			baseConfigurationReference = 6B8900E8E054051221BC4C27 /* Pods-JiHuoNIaoDemo-JiHuoNIaoDemoUITests.release.xcconfig */;
			buildSettings = {
				CODE_SIGN_STYLE = Automatic;
				CURRENT_PROJECT_VERSION = 1;
				DEVELOPMENT_TEAM = 5RF93QVD4V;
				ENABLE_APP_SANDBOX = NO;
				ENABLE_USER_SCRIPT_SANDBOXING = NO;
				GENERATE_INFOPLIST_FILE = YES;
				MARKETING_VERSION = 1.0;
				PRODUCT_BUNDLE_IDENTIFIER = aaaa.JiHuoNIaoDemoUITests;
				PRODUCT_NAME = "$(TARGET_NAME)";
				SWIFT_EMIT_LOC_STRINGS = NO;
				TARGETED_DEVICE_FAMILY = "1,2";
				TEST_TARGET_NAME = JiHuoNIaoDemo;
			};
			name = Release;
		};
/* End XCBuildConfiguration section */

/* Begin XCConfigurationList section */
		F7C0AEC72C9ABD07002A5702 /* Build configuration list for PBXProject "JiHuoNIaoDemo" */ = {
			isa = XCConfigurationList;
			buildConfigurations = (
				F7C0AEF92C9ABD09002A5702 /* Debug */,
				F7C0AEFA2C9ABD09002A5702 /* Release */,
			);
			defaultConfigurationIsVisible = 0;
			defaultConfigurationName = Release;
		};
		F7C0AEFB2C9ABD09002A5702 /* Build configuration list for PBXNativeTarget "JiHuoNIaoDemo" */ = {
			isa = XCConfigurationList;
			buildConfigurations = (
				F7C0AEFC2C9ABD09002A5702 /* Debug */,
				F7C0AEFD2C9ABD09002A5702 /* Release */,
			);
			defaultConfigurationIsVisible = 0;
			defaultConfigurationName = Release;
		};
		F7C0AEFE2C9ABD09002A5702 /* Build configuration list for PBXNativeTarget "JiHuoNIaoDemoTests" */ = {
			isa = XCConfigurationList;
			buildConfigurations = (
				F7C0AEFF2C9ABD09002A5702 /* Debug */,
				F7C0AF002C9ABD09002A5702 /* Release */,
			);
			defaultConfigurationIsVisible = 0;
			defaultConfigurationName = Release;
		};
		F7C0AF012C9ABD09002A5702 /* Build configuration list for PBXNativeTarget "JiHuoNIaoDemoUITests" */ = {
			isa = XCConfigurationList;
			buildConfigurations = (
				F7C0AF022C9ABD09002A5702 /* Debug */,
				F7C0AF032C9ABD09002A5702 /* Release */,
			);
			defaultConfigurationIsVisible = 0;
			defaultConfigurationName = Release;
		};
/* End XCConfigurationList section */
	};
	rootObject = F7C0AEC42C9ABD07002A5702 /* Project object */;
}
